// !$*UTF8*$!
{
	archiveVersion = 1;
	classes = {
	};
	objectVersion = 77;
	objects = {

/* Begin PBXBuildFile section */
		CDAB36C42F896365002E1F53 /* Auth in Frameworks */ = {isa = PBXBuildFile; productRef = CDAB36C32F896365002E1F53 /* Auth */; };
		CDAB36C62F896365002E1F53 /* Functions in Frameworks */ = {isa = PBXBuildFile; productRef = CDAB36C52F896365002E1F53 /* Functions */; };
		CDAB36C82F896365002E1F53 /* PostgREST in Frameworks */ = {isa = PBXBuildFile; productRef = CDAB36C72F896365002E1F53 /* PostgREST */; };
		CDAB36CA2F896365002E1F53 /* Realtime in Frameworks */ = {isa = PBXBuildFile; productRef = CDAB36C92F896365002E1F53 /* Realtime */; };
		CDAB36CC2F896365002E1F53 /* Storage in Frameworks */ = {isa = PBXBuildFile; productRef = CDAB36CB2F896365002E1F53 /* Storage */; };
		CDAB36CE2F896365002E1F53 /* Supabase in Frameworks */ = {isa = PBXBuildFile; productRef = CDAB36CD2F896365002E1F53 /* Supabase */; };
		D9A00002 /* (null) in Sources */ = {isa = PBXBuildFile; };
		D9A00004 /* (null) in Sources */ = {isa = PBXBuildFile; };
		D9A00006 /* (null) in Sources */ = {isa = PBXBuildFile; };
		D9B00002 /* (null) in Sources */ = {isa = PBXBuildFile; };
		D9B00004 /* (null) in Sources */ = {isa = PBXBuildFile; };
		D9B00006 /* (null) in Sources */ = {isa = PBXBuildFile; };
/* End PBXBuildFile section */

/* Begin PBXContainerItemProxy section */
		CDAB35A82F894FAC002E1F53 /* PBXContainerItemProxy */ = {
			isa = PBXContainerItemProxy;
			containerPortal = CDAB35922F894FA9002E1F53 /* Project object */;
			proxyType = 1;
			remoteGlobalIDString = CDAB35992F894FA9002E1F53;
			remoteInfo = MyPoultryFarm;
		};
		CDAB35B22F894FAC002E1F53 /* PBXContainerItemProxy */ = {
			isa = PBXContainerItemProxy;
			containerPortal = CDAB35922F894FA9002E1F53 /* Project object */;
			proxyType = 1;
			remoteGlobalIDString = CDAB35992F894FA9002E1F53;
			remoteInfo = MyPoultryFarm;
		};
/* End PBXContainerItemProxy section */

/* Begin PBXFileReference section */
		CDAB359A2F894FA9002E1F53 /* MyPoultryFarm.app */ = {isa = PBXFileReference; explicitFileType = wrapper.application; includeInIndex = 0; path = MyPoultryFarm.app; sourceTree = BUILT_PRODUCTS_DIR; };
		CDAB35A72F894FAC002E1F53 /* MyPoultryFarmTests.xctest */ = {isa = PBXFileReference; explicitFileType = wrapper.cfbundle; includeInIndex = 0; path = MyPoultryFarmTests.xctest; sourceTree = BUILT_PRODUCTS_DIR; };
		CDAB35B12F894FAC002E1F53 /* MyPoultryFarmUITests.xctest */ = {isa = PBXFileReference; explicitFileType = wrapper.cfbundle; includeInIndex = 0; path = MyPoultryFarmUITests.xctest; sourceTree = BUILT_PRODUCTS_DIR; };
/* End PBXFileReference section */

/* Begin PBXFileSystemSynchronizedRootGroup section */
		CDAB359C2F894FA9002E1F53 /* MyPoultryFarm */ = {
			isa = PBXFileSystemSynchronizedRootGroup;
			path = MyPoultryFarm;
			sourceTree = "<group>";
		};
		CDAB35AA2F894FAC002E1F53 /* MyPoultryFarmTests */ = {
			isa = PBXFileSystemSynchronizedRootGroup;
			path = MyPoultryFarmTests;
			sourceTree = "<group>";
		};
		CDAB35B42F894FAC002E1F53 /* MyPoultryFarmUITests */ = {
			isa = PBXFileSystemSynchronizedRootGroup;
			path = MyPoultryFarmUITests;
			sourceTree = "<group>";
		};
/* End PBXFileSystemSynchronizedRootGroup section */

/* Begin PBXFrameworksBuildPhase section */
		CDAB35972F894FA9002E1F53 /* Frameworks */ = {
			isa = PBXFrameworksBuildPhase;
			buildActionMask = 2147483647;
			files = (
				CDAB36C82F896365002E1F53 /* PostgREST in Frameworks */,
				CDAB36C62F896365002E1F53 /* Functions in Frameworks */,
				CDAB36CE2F896365002E1F53 /* Supabase in Frameworks */,
				CDAB36C42F896365002E1F53 /* Auth in Frameworks */,
				CDAB36CC2F896365002E1F53 /* Storage in Frameworks */,
				CDAB36CA2F896365002E1F53 /* Realtime in Frameworks */,
			);
			runOnlyForDeploymentPostprocessing = 0;
		};
		CDAB35A42F894FAC002E1F53 /* Frameworks */ = {
			isa = PBXFrameworksBuildPhase;
			buildActionMask = 2147483647;
			files = (
			);
			runOnlyForDeploymentPostprocessing = 0;
		};
		CDAB35AE2F894FAC002E1F53 /* Frameworks */ = {
			isa = PBXFrameworksBuildPhase;
			buildActionMask = 2147483647;
			files = (
			);
			runOnlyForDeploymentPostprocessing = 0;
		};
/* End PBXFrameworksBuildPhase section */

/* Begin PBXGroup section */
		CDAB35912F894FA9002E1F53 = {
			isa = PBXGroup;
			children = (
				CDAB359C2F894FA9002E1F53 /* MyPoultryFarm */,
				CDAB35AA2F894FAC002E1F53 /* MyPoultryFarmTests */,
				CDAB35B42F894FAC002E1F53 /* MyPoultryFarmUITests */,
				CDAB359B2F894FA9002E1F53 /* Products */,
			);
			sourceTree = "<group>";
		};
		CDAB359B2F894FA9002E1F53 /* Products */ = {
			isa = PBXGroup;
			children = (
				CDAB359A2F894FA9002E1F53 /* MyPoultryFarm.app */,
				CDAB35A72F894FAC002E1F53 /* MyPoultryFarmTests.xctest */,
				CDAB35B12F894FAC002E1F53 /* MyPoultryFarmUITests.xctest */,
			);
			name = Products;
			sourceTree = "<group>";
		};
/* End PBXGroup section */

/* Begin PBXNativeTarget section */
		CDAB35992F894FA9002E1F53 /* MyPoultryFarm */ = {
			isa = PBXNativeTarget;
			buildConfigurationList = CDAB35BB2F894FAC002E1F53 /* Build configuration list for PBXNativeTarget "MyPoultryFarm" */;
			buildPhases = (
				CDAB35962F894FA9002E1F53 /* Sources */,
				CDAB35972F894FA9002E1F53 /* Frameworks */,
				CDAB35982F894FA9002E1F53 /* Resources */,
			);
			buildRules = (
			);
			dependencies = (
			);
			fileSystemSynchronizedGroups = (
				CDAB359C2F894FA9002E1F53 /* MyPoultryFarm */,
			);
			name = MyPoultryFarm;
			packageProductDependencies = (
				CDAB36C32F896365002E1F53 /* Auth */,
				CDAB36C52F896365002E1F53 /* Functions */,
				CDAB36C72F896365002E1F53 /* PostgREST */,
				CDAB36C92F896365002E1F53 /* Realtime */,
				CDAB36CB2F896365002E1F53 /* Storage */,
				CDAB36CD2F896365002E1F53 /* Supabase */,
			);
			productName = MyPoultryFarm;
			productReference = CDAB359A2F894FA9002E1F53 /* MyPoultryFarm.app */;
			productType = "com.apple.product-type.application";
		};
		CDAB35A62F894FAC002E1F53 /* MyPoultryFarmTests */ = {
			isa = PBXNativeTarget;
			buildConfigurationList = CDAB35BE2F894FAC002E1F53 /* Build configuration list for PBXNativeTarget "MyPoultryFarmTests" */;
			buildPhases = (
				CDAB35A32F894FAC002E1F53 /* Sources */,
				CDAB35A42F894FAC002E1F53 /* Frameworks */,
				CDAB35A52F894FAC002E1F53 /* Resources */,
			);
			buildRules = (
			);
			dependencies = (
				CDAB35A92F894FAC002E1F53 /* PBXTargetDependency */,
			);
			fileSystemSynchronizedGroups = (
				CDAB35AA2F894FAC002E1F53 /* MyPoultryFarmTests */,
			);
			name = MyPoultryFarmTests;
			packageProductDependencies = (
			);
			productName = MyPoultryFarmTests;
			productReference = CDAB35A72F894FAC002E1F53 /* MyPoultryFarmTests.xctest */;
			productType = "com.apple.product-type.bundle.unit-test";
		};
		CDAB35B02F894FAC002E1F53 /* MyPoultryFarmUITests */ = {
			isa = PBXNativeTarget;
			buildConfigurationList = CDAB35C12F894FAC002E1F53 /* Build configuration list for PBXNativeTarget "MyPoultryFarmUITests" */;
			buildPhases = (
				CDAB35AD2F894FAC002E1F53 /* Sources */,
				CDAB35AE2F894FAC002E1F53 /* Frameworks */,
				CDAB35AF2F894FAC002E1F53 /* Resources */,
			);
			buildRules = (
			);
			dependencies = (
				CDAB35B32F894FAC002E1F53 /* PBXTargetDependency */,
			);
			fileSystemSynchronizedGroups = (
				CDAB35B42F894FAC002E1F53 /* MyPoultryFarmUITests */,
			);
			name = MyPoultryFarmUITests;
			packageProductDependencies = (
			);
			productName = MyPoultryFarmUITests;
			productReference = CDAB35B12F894FAC002E1F53 /* MyPoultryFarmUITests.xctest */;
			productType = "com.apple.product-type.bundle.ui-testing";
		};
/* End PBXNativeTarget section */

/* Begin PBXProject section */
		CDAB35922F894FA9002E1F53 /* Project object */ = {
			isa = PBXProject;
			attributes = {
				BuildIndependentTargetsInParallel = 1;
				LastSwiftUpdateCheck = 2610;
				LastUpgradeCheck = 2610;
				TargetAttributes = {
					CDAB35992F894FA9002E1F53 = {
						CreatedOnToolsVersion = 26.1;
					};
					CDAB35A62F894FAC002E1F53 = {
						CreatedOnToolsVersion = 26.1;
						TestTargetID = CDAB35992F894FA9002E1F53;
					};
					CDAB35B02F894FAC002E1F53 = {
						CreatedOnToolsVersion = 26.1;
						TestTargetID = CDAB35992F894FA9002E1F53;
					};
				};
			};
			buildConfigurationList = CDAB35952F894FA9002E1F53 /* Build configuration list for PBXProject "MyPoultryFarm" */;
			developmentRegion = en;
			hasScannedForEncodings = 0;
			knownRegions = (
				en,
				Base,
			);
			mainGroup = CDAB35912F894FA9002E1F53;
			minimizedProjectReferenceProxies = 1;
			packageReferences = (
				CDAB36C22F896365002E1F53 /* XCRemoteSwiftPackageReference "supabase-swift" */,
			);
			preferredProjectObjectVersion = 77;
			productRefGroup = CDAB359B2F894FA9002E1F53 /* Products */;
			projectDirPath = "";
			projectRoot = "";
			targets = (
				CDAB35992F894FA9002E1F53 /* MyPoultryFarm */,
				CDAB35A62F894FAC002E1F53 /* MyPoultryFarmTests */,
				CDAB35B02F894FAC002E1F53 /* MyPoultryFarmUITests */,
			);
		};
/* End PBXProject section */

/* Begin PBXResourcesBuildPhase section */
		CDAB35982F894FA9002E1F53 /* Resources */ = {
			isa = PBXResourcesBuildPhase;
			buildActionMask = 2147483647;
			files = (
			);
			runOnlyForDeploymentPostprocessing = 0;
		};
		CDAB35A52F894FAC002E1F53 /* Resources */ = {
			isa = PBXResourcesBuildPhase;
			buildActionMask = 2147483647;
			files = (
			);
			runOnlyForDeploymentPostprocessing = 0;
		};
		CDAB35AF2F894FAC002E1F53 /* Resources */ = {
			isa = PBXResourcesBuildPhase;
			buildActionMask = 2147483647;
			files = (
			);
			runOnlyForDeploymentPostprocessing = 0;
		};
/* End PBXResourcesBuildPhase section */

/* Begin PBXSourcesBuildPhase section */
		CDAB35962F894FA9002E1F53 /* Sources */ = {
			isa = PBXSourcesBuildPhase;
			buildActionMask = 2147483647;
			files = (
				D9B00002 /* (null) in Sources */,
				D9B00004 /* (null) in Sources */,
				D9B00006 /* (null) in Sources */,
				D9A00002 /* (null) in Sources */,
				D9A00004 /* (null) in Sources */,
				D9A00006 /* (null) in Sources */,
			);
			runOnlyForDeploymentPostprocessing = 0;
		};
		CDAB35A32F894FAC002E1F53 /* Sources */ = {
			isa = PBXSourcesBuildPhase;
			buildActionMask = 2147483647;
			files = (
			);
			runOnlyForDeploymentPostprocessing = 0;
		};
		CDAB35AD2F894FAC002E1F53 /* Sources */ = {
			isa = PBXSourcesBuildPhase;
			buildActionMask = 2147483647;
			files = (
			);
			runOnlyForDeploymentPostprocessing = 0;
		};
/* End PBXSourcesBuildPhase section */

/* Begin PBXTargetDependency section */
		CDAB35A92F894FAC002E1F53 /* PBXTargetDependency */ = {
			isa = PBXTargetDependency;
			target = CDAB35992F894FA9002E1F53 /* MyPoultryFarm */;
			targetProxy = CDAB35A82F894FAC002E1F53 /* PBXContainerItemProxy */;
		};
		CDAB35B32F894FAC002E1F53 /* PBXTargetDependency */ = {
			isa = PBXTargetDependency;
			target = CDAB35992F894FA9002E1F53 /* MyPoultryFarm */;
			targetProxy = CDAB35B22F894FAC002E1F53 /* PBXContainerItemProxy */;
		};
/* End PBXTargetDependency section */

/* Begin XCBuildConfiguration section */
		CDAB35B92F894FAC002E1F53 /* Debug */ = {
			isa = XCBuildConfiguration;
			buildSettings = {
				ALWAYS_SEARCH_USER_PATHS = NO;
				ASSETCATALOG_COMPILER_GENERATE_SWIFT_ASSET_SYMBOL_EXTENSIONS = YES;
				CLANG_ANALYZER_NONNULL = YES;
				CLANG_ANALYZER_NUMBER_OBJECT_CONVERSION = YES_AGGRESSIVE;
				CLANG_CXX_LANGUAGE_STANDARD = "gnu++20";
				CLANG_ENABLE_MODULES = YES;
				CLANG_ENABLE_OBJC_ARC = YES;
				CLANG_ENABLE_OBJC_WEAK = YES;
				CLANG_WARN_BLOCK_CAPTURE_AUTORELEASING = YES;
				CLANG_WARN_BOOL_CONVERSION = YES;
				CLANG_WARN_COMMA = YES;
				CLANG_WARN_CONSTANT_CONVERSION = YES;
				CLANG_WARN_DEPRECATED_OBJC_IMPLEMENTATIONS = YES;
				CLANG_WARN_DIRECT_OBJC_ISA_USAGE = YES_ERROR;
				CLANG_WARN_DOCUMENTATION_COMMENTS = YES;
				CLANG_WARN_EMPTY_BODY = YES;
				CLANG_WARN_ENUM_CONVERSION = YES;
				CLANG_WARN_INFINITE_RECURSION = YES;
				CLANG_WARN_INT_CONVERSION = YES;
				CLANG_WARN_NON_LITERAL_NULL_CONVERSION = YES;
				CLANG_WARN_OBJC_IMPLICIT_RETAIN_SELF = YES;
				CLANG_WARN_OBJC_LITERAL_CONVERSION = YES;
				CLANG_WARN_OBJC_ROOT_CLASS = YES_ERROR;
				CLANG_WARN_QUOTED_INCLUDE_IN_FRAMEWORK_HEADER = YES;
				CLANG_WARN_RANGE_LOOP_ANALYSIS = YES;
				CLANG_WARN_STRICT_PROTOTYPES = YES;
				CLANG_WARN_SUSPICIOUS_MOVE = YES;
				CLANG_WARN_UNGUARDED_AVAILABILITY = YES_AGGRESSIVE;
				CLANG_WARN_UNREACHABLE_CODE = YES;
				CLANG_WARN__DUPLICATE_METHOD_MATCH = YES;
				COPY_PHASE_STRIP = NO;
				DEBUG_INFORMATION_FORMAT = dwarf;
				ENABLE_STRICT_OBJC_MSGSEND = YES;
				ENABLE_TESTABILITY = YES;
				ENABLE_USER_SCRIPT_SANDBOXING = YES;
				GCC_C_LANGUAGE_STANDARD = gnu17;
				GCC_DYNAMIC_NO_PIC = NO;
				GCC_NO_COMMON_BLOCKS = YES;
				GCC_OPTIMIZATION_LEVEL = 0;
				GCC_PREPROCESSOR_DEFINITIONS = (
					"DEBUG=1",
					"$(inherited)",
				);
				GCC_WARN_64_TO_32_BIT_CONVERSION = YES;
				GCC_WARN_ABOUT_RETURN_TYPE = YES_ERROR;
				GCC_WARN_UNDECLARED_SELECTOR = YES;
				GCC_WARN_UNINITIALIZED_AUTOS = YES_AGGRESSIVE;
				GCC_WARN_UNUSED_FUNCTION = YES;
				GCC_WARN_UNUSED_VARIABLE = YES;
				IPHONEOS_DEPLOYMENT_TARGET = 26.1;
				LOCALIZATION_PREFERS_STRING_CATALOGS = YES;
				MTL_ENABLE_DEBUG_INFO = INCLUDE_SOURCE;
				MTL_FAST_MATH = YES;
				ONLY_ACTIVE_ARCH = YES;
				SDKROOT = iphoneos;
				SWIFT_ACTIVE_COMPILATION_CONDITIONS = "DEBUG $(inherited)";
				SWIFT_OPTIMIZATION_LEVEL = "-Onone";
			};
			name = Debug;
		};
		CDAB35BA2F894FAC002E1F53 /* Release */ = {
			isa = XCBuildConfiguration;
			buildSettings = {
				ALWAYS_SEARCH_USER_PATHS = NO;
				ASSETCATALOG_COMPILER_GENERATE_SWIFT_ASSET_SYMBOL_EXTENSIONS = YES;
				CLANG_ANALYZER_NONNULL = YES;
				CLANG_ANALYZER_NUMBER_OBJECT_CONVERSION = YES_AGGRESSIVE;
				CLANG_CXX_LANGUAGE_STANDARD = "gnu++20";
				CLANG_ENABLE_MODULES = YES;
				CLANG_ENABLE_OBJC_ARC = YES;
				CLANG_ENABLE_OBJC_WEAK = YES;
				CLANG_WARN_BLOCK_CAPTURE_AUTORELEASING = YES;
				CLANG_WARN_BOOL_CONVERSION = YES;
				CLANG_WARN_COMMA = YES;
				CLANG_WARN_CONSTANT_CONVERSION = YES;
				CLANG_WARN_DEPRECATED_OBJC_IMPLEMENTATIONS = YES;
				CLANG_WARN_DIRECT_OBJC_ISA_USAGE = YES_ERROR;
				CLANG_WARN_DOCUMENTATION_COMMENTS = YES;
				CLANG_WARN_EMPTY_BODY = YES;
				CLANG_WARN_ENUM_CONVERSION = YES;
				CLANG_WARN_INFINITE_RECURSION = YES;
				CLANG_WARN_INT_CONVERSION = YES;
				CLANG_WARN_NON_LITERAL_NULL_CONVERSION = YES;
				CLANG_WARN_OBJC_IMPLICIT_RETAIN_SELF = YES;
				CLANG_WARN_OBJC_LITERAL_CONVERSION = YES;
				CLANG_WARN_OBJC_ROOT_CLASS = YES_ERROR;
				CLANG_WARN_QUOTED_INCLUDE_IN_FRAMEWORK_HEADER = YES;
				CLANG_WARN_RANGE_LOOP_ANALYSIS = YES;
				CLANG_WARN_STRICT_PROTOTYPES = YES;
				CLANG_WARN_SUSPICIOUS_MOVE = YES;
				CLANG_WARN_UNGUARDED_AVAILABILITY = YES_AGGRESSIVE;
				CLANG_WARN_UNREACHABLE_CODE = YES;
				CLANG_WARN__DUPLICATE_METHOD_MATCH = YES;
				COPY_PHASE_STRIP = NO;
				DEBUG_INFORMATION_FORMAT = "dwarf-with-dsym";
				ENABLE_NS_ASSERTIONS = NO;
				ENABLE_STRICT_OBJC_MSGSEND = YES;
				ENABLE_USER_SCRIPT_SANDBOXING = YES;
				GCC_C_LANGUAGE_STANDARD = gnu17;
				GCC_NO_COMMON_BLOCKS = YES;
				GCC_WARN_64_TO_32_BIT_CONVERSION = YES;
				GCC_WARN_ABOUT_RETURN_TYPE = YES_ERROR;
				GCC_WARN_UNDECLARED_SELECTOR = YES;
				GCC_WARN_UNINITIALIZED_AUTOS = YES_AGGRESSIVE;
				GCC_WARN_UNUSED_FUNCTION = YES;
				GCC_WARN_UNUSED_VARIABLE = YES;
				IPHONEOS_DEPLOYMENT_TARGET = 26.1;
				LOCALIZATION_PREFERS_STRING_CATALOGS = YES;
				MTL_ENABLE_DEBUG_INFO = NO;
				MTL_FAST_MATH = YES;
				SDKROOT = iphoneos;
				SWIFT_COMPILATION_MODE = wholemodule;
				VALIDATE_PRODUCT = YES;
			};
			name = Release;
		};
		CDAB35BC2F894FAC002E1F53 /* Debug */ = {
			isa = XCBuildConfiguration;
			buildSettings = {
				ASSETCATALOG_COMPILER_APPICON_NAME = AppIcon;
				ASSETCATALOG_COMPILER_GLOBAL_ACCENT_COLOR_NAME = AccentColor;
				ASSETCATALOG_COMPILER_INCLUDE_ALL_APPICON_ASSETS = NO;
				CODE_SIGN_STYLE = Automatic;
				CURRENT_PROJECT_VERSION = 1;
				ENABLE_PREVIEWS = YES;
				GENERATE_INFOPLIST_FILE = YES;
				INFOPLIST_KEY_UIApplicationSceneManifest_Generation = YES;
				INFOPLIST_KEY_UIApplicationSupportsIndirectInputEvents = YES;
				INFOPLIST_KEY_UILaunchScreen_Generation = NO;
				INFOPLIST_KEY_UILaunchStoryboardName = "";
				INFOPLIST_KEY_UISupportedInterfaceOrientations = "UIInterfaceOrientationLandscapeLeft UIInterfaceOrientationLandscapeRight UIInterfaceOrientationPortrait";
				INFOPLIST_KEY_UISupportedInterfaceOrientations_iPad = "UIInterfaceOrientationLandscapeLeft UIInterfaceOrientationLandscapeRight";
				IPHONEOS_DEPLOYMENT_TARGET = 18.6;
				LD_RUNPATH_SEARCH_PATHS = (
					"$(inherited)",
					"@executable_path/Frameworks",
				);
				MARKETING_VERSION = 1.0;
				PRODUCT_BUNDLE_IDENTIFIER = com.appwhiz.MyPoultryFarm;
				PRODUCT_NAME = "$(TARGET_NAME)";
				STRING_CATALOG_GENERATE_SYMBOLS = YES;
				SWIFT_APPROACHABLE_CONCURRENCY = YES;
				SWIFT_DEFAULT_ACTOR_ISOLATION = MainActor;
				SWIFT_EMIT_LOC_STRINGS = YES;
				SWIFT_UPCOMING_FEATURE_MEMBER_IMPORT_VISIBILITY = YES;
				SWIFT_VERSION = 5.0;
				TARGETED_DEVICE_FAMILY = "1,2";
			};
			name = Debug;
		};
		CDAB35BD2F894FAC002E1F53 /* Release */ = {
			isa = XCBuildConfiguration;
			buildSettings = {
				ASSETCATALOG_COMPILER_APPICON_NAME = AppIcon;
				ASSETCATALOG_COMPILER_GLOBAL_ACCENT_COLOR_NAME = AccentColor;
				ASSETCATALOG_COMPILER_INCLUDE_ALL_APPICON_ASSETS = NO;
				CODE_SIGN_STYLE = Automatic;
				CURRENT_PROJECT_VERSION = 1;
				ENABLE_PREVIEWS = YES;
				GENERATE_INFOPLIST_FILE = YES;
				INFOPLIST_KEY_UIApplicationSceneManifest_Generation = YES;
				INFOPLIST_KEY_UIApplicationSupportsIndirectInputEvents = YES;
				INFOPLIST_KEY_UILaunchScreen_Generation = NO;
				INFOPLIST_KEY_UILaunchStoryboardName = "";
				INFOPLIST_KEY_UISupportedInterfaceOrientations = "UIInterfaceOrientationLandscapeLeft UIInterfaceOrientationLandscapeRight UIInterfaceOrientationPortrait";
				INFOPLIST_KEY_UISupportedInterfaceOrientations_iPad = "UIInterfaceOrientationLandscapeLeft UIInterfaceOrientationLandscapeRight";
				IPHONEOS_DEPLOYMENT_TARGET = 18.6;
				LD_RUNPATH_SEARCH_PATHS = (
					"$(inherited)",
					"@executable_path/Frameworks",
				);
				MARKETING_VERSION = 1.0;
				PRODUCT_BUNDLE_IDENTIFIER = com.appwhiz.MyPoultryFarm;
				PRODUCT_NAME = "$(TARGET_NAME)";
				STRING_CATALOG_GENERATE_SYMBOLS = YES;
				SWIFT_APPROACHABLE_CONCURRENCY = YES;
				SWIFT_DEFAULT_ACTOR_ISOLATION = MainActor;
				SWIFT_EMIT_LOC_STRINGS = YES;
				SWIFT_UPCOMING_FEATURE_MEMBER_IMPORT_VISIBILITY = YES;
				SWIFT_VERSION = 5.0;
				TARGETED_DEVICE_FAMILY = "1,2";
			};
			name = Release;
		};
		CDAB35BF2F894FAC002E1F53 /* Debug */ = {
			isa = XCBuildConfiguration;
			buildSettings = {
				BUNDLE_LOADER = "$(TEST_HOST)";
				CODE_SIGN_STYLE = Automatic;
				CURRENT_PROJECT_VERSION = 1;
				GENERATE_INFOPLIST_FILE = YES;
				IPHONEOS_DEPLOYMENT_TARGET = 26.1;
				MARKETING_VERSION = 1.0;
				PRODUCT_BUNDLE_IDENTIFIER = com.appwhiz.MyPoultryFarmTests;
				PRODUCT_NAME = "$(TARGET_NAME)";
				STRING_CATALOG_GENERATE_SYMBOLS = NO;
				SWIFT_APPROACHABLE_CONCURRENCY = YES;
				SWIFT_EMIT_LOC_STRINGS = NO;
				SWIFT_UPCOMING_FEATURE_MEMBER_IMPORT_VISIBILITY = YES;
				SWIFT_VERSION = 5.0;
				TARGETED_DEVICE_FAMILY = "1,2";
				TEST_HOST = "$(BUILT_PRODUCTS_DIR)/MyPoultryFarm.app/$(BUNDLE_EXECUTABLE_FOLDER_PATH)/MyPoultryFarm";
			};
			name = Debug;
		};
		CDAB35C02F894FAC002E1F53 /* Release */ = {
			isa = XCBuildConfiguration;
			buildSettings = {
				BUNDLE_LOADER = "$(TEST_HOST)";
				CODE_SIGN_STYLE = Automatic;
				CURRENT_PROJECT_VERSION = 1;
				GENERATE_INFOPLIST_FILE = YES;
				IPHONEOS_DEPLOYMENT_TARGET = 26.1;
				MARKETING_VERSION = 1.0;
				PRODUCT_BUNDLE_IDENTIFIER = com.appwhiz.MyPoultryFarmTests;
				PRODUCT_NAME = "$(TARGET_NAME)";
				STRING_CATALOG_GENERATE_SYMBOLS = NO;
				SWIFT_APPROACHABLE_CONCURRENCY = YES;
				SWIFT_EMIT_LOC_STRINGS = NO;
				SWIFT_UPCOMING_FEATURE_MEMBER_IMPORT_VISIBILITY = YES;
				SWIFT_VERSION = 5.0;
				TARGETED_DEVICE_FAMILY = "1,2";
				TEST_HOST = "$(BUILT_PRODUCTS_DIR)/MyPoultryFarm.app/$(BUNDLE_EXECUTABLE_FOLDER_PATH)/MyPoultryFarm";
			};
			name = Release;
		};
		CDAB35C22F894FAC002E1F53 /* Debug */ = {
			isa = XCBuildConfiguration;
			buildSettings = {
				CODE_SIGN_STYLE = Automatic;
				CURRENT_PROJECT_VERSION = 1;
				GENERATE_INFOPLIST_FILE = YES;
				MARKETING_VERSION = 1.0;
				PRODUCT_BUNDLE_IDENTIFIER = com.appwhiz.MyPoultryFarmUITests;
				PRODUCT_NAME = "$(TARGET_NAME)";
				STRING_CATALOG_GENERATE_SYMBOLS = NO;
				SWIFT_APPROACHABLE_CONCURRENCY = YES;
				SWIFT_EMIT_LOC_STRINGS = NO;
				SWIFT_UPCOMING_FEATURE_MEMBER_IMPORT_VISIBILITY = YES;
				SWIFT_VERSION = 5.0;
				TARGETED_DEVICE_FAMILY = "1,2";
				TEST_TARGET_NAME = MyPoultryFarm;
			};
			name = Debug;
		};
		CDAB35C32F894FAC002E1F53 /* Release */ = {
			isa = XCBuildConfiguration;
			buildSettings = {
				CODE_SIGN_STYLE = Automatic;
				CURRENT_PROJECT_VERSION = 1;
				GENERATE_INFOPLIST_FILE = YES;
				MARKETING_VERSION = 1.0;
				PRODUCT_BUNDLE_IDENTIFIER = com.appwhiz.MyPoultryFarmUITests;
				PRODUCT_NAME = "$(TARGET_NAME)";
				STRING_CATALOG_GENERATE_SYMBOLS = NO;
				SWIFT_APPROACHABLE_CONCURRENCY = YES;
				SWIFT_EMIT_LOC_STRINGS = NO;
				SWIFT_UPCOMING_FEATURE_MEMBER_IMPORT_VISIBILITY = YES;
				SWIFT_VERSION = 5.0;
				TARGETED_DEVICE_FAMILY = "1,2";
				TEST_TARGET_NAME = MyPoultryFarm;
			};
			name = Release;
		};
/* End XCBuildConfiguration section */

/* Begin XCConfigurationList section */
		CDAB35952F894FA9002E1F53 /* Build configuration list for PBXProject "MyPoultryFarm" */ = {
			isa = XCConfigurationList;
			buildConfigurations = (
				CDAB35B92F894FAC002E1F53 /* Debug */,
				CDAB35BA2F894FAC002E1F53 /* Release */,
			);
			defaultConfigurationIsVisible = 0;
			defaultConfigurationName = Release;
		};
		CDAB35BB2F894FAC002E1F53 /* Build configuration list for PBXNativeTarget "MyPoultryFarm" */ = {
			isa = XCConfigurationList;
			buildConfigurations = (
				CDAB35BC2F894FAC002E1F53 /* Debug */,
				CDAB35BD2F894FAC002E1F53 /* Release */,
			);
			defaultConfigurationIsVisible = 0;
			defaultConfigurationName = Release;
		};
		CDAB35BE2F894FAC002E1F53 /* Build configuration list for PBXNativeTarget "MyPoultryFarmTests" */ = {
			isa = XCConfigurationList;
			buildConfigurations = (
				CDAB35BF2F894FAC002E1F53 /* Debug */,
				CDAB35C02F894FAC002E1F53 /* Release */,
			);
			defaultConfigurationIsVisible = 0;
			defaultConfigurationName = Release;
		};
		CDAB35C12F894FAC002E1F53 /* Build configuration list for PBXNativeTarget "MyPoultryFarmUITests" */ = {
			isa = XCConfigurationList;
			buildConfigurations = (
				CDAB35C22F894FAC002E1F53 /* Debug */,
				CDAB35C32F894FAC002E1F53 /* Release */,
			);
			defaultConfigurationIsVisible = 0;
			defaultConfigurationName = Release;
		};
/* End XCConfigurationList section */

/* Begin XCRemoteSwiftPackageReference section */
		CDAB36C22F896365002E1F53 /* XCRemoteSwiftPackageReference "supabase-swift" */ = {
			isa = XCRemoteSwiftPackageReference;
			repositoryURL = "https://github.com/supabase-community/supabase-swift.git";
			requirement = {
				kind = upToNextMajorVersion;
				minimumVersion = 2.5.1;
			};
		};
/* End XCRemoteSwiftPackageReference section */

/* Begin XCSwiftPackageProductDependency section */
		CDAB36C32F896365002E1F53 /* Auth */ = {
			isa = XCSwiftPackageProductDependency;
			package = CDAB36C22F896365002E1F53 /* XCRemoteSwiftPackageReference "supabase-swift" */;
			productName = Auth;
		};
		CDAB36C52F896365002E1F53 /* Functions */ = {
			isa = XCSwiftPackageProductDependency;
			package = CDAB36C22F896365002E1F53 /* XCRemoteSwiftPackageReference "supabase-swift" */;
			productName = Functions;
		};
		CDAB36C72F896365002E1F53 /* PostgREST */ = {
			isa = XCSwiftPackageProductDependency;
			package = CDAB36C22F896365002E1F53 /* XCRemoteSwiftPackageReference "supabase-swift" */;
			productName = PostgREST;
		};
		CDAB36C92F896365002E1F53 /* Realtime */ = {
			isa = XCSwiftPackageProductDependency;
			package = CDAB36C22F896365002E1F53 /* XCRemoteSwiftPackageReference "supabase-swift" */;
			productName = Realtime;
		};
		CDAB36CB2F896365002E1F53 /* Storage */ = {
			isa = XCSwiftPackageProductDependency;
			package = CDAB36C22F896365002E1F53 /* XCRemoteSwiftPackageReference "supabase-swift" */;
			productName = Storage;
		};
		CDAB36CD2F896365002E1F53 /* Supabase */ = {
			isa = XCSwiftPackageProductDependency;
			package = CDAB36C22F896365002E1F53 /* XCRemoteSwiftPackageReference "supabase-swift" */;
			productName = Supabase;
		};
/* End XCSwiftPackageProductDependency section */
	};
	rootObject = CDAB35922F894FA9002E1F53 /* Project object */;
}
